// !$*UTF8*$!
{
	archiveVersion = 1;
	classes = {
	};
	objectVersion = 46;
	objects = {

/* Begin PBXBuildFile section */
		272E476F1908407200326F06 /* Foundation.framework in Frameworks */ = {isa = PBXBuildFile; fileRef = 272E476E1908407200326F06 /* Foundation.framework */; };
		272E47711908407200326F06 /* CoreGraphics.framework in Frameworks */ = {isa = PBXBuildFile; fileRef = 272E47701908407200326F06 /* CoreGraphics.framework */; };
		272E47731908407200326F06 /* UIKit.framework in Frameworks */ = {isa = PBXBuildFile; fileRef = 272E47721908407200326F06 /* UIKit.framework */; };
		272E47791908407200326F06 /* InfoPlist.strings in Resources */ = {isa = PBXBuildFile; fileRef = 272E47771908407200326F06 /* InfoPlist.strings */; };
		272E477B1908407200326F06 /* main.m in Sources */ = {isa = PBXBuildFile; fileRef = 272E477A1908407200326F06 /* main.m */; };
		272E477F1908407200326F06 /* CCAppDelegate.m in Sources */ = {isa = PBXBuildFile; fileRef = 272E477E1908407200326F06 /* CCAppDelegate.m */; };
		272E47821908407200326F06 /* Main.storyboard in Resources */ = {isa = PBXBuildFile; fileRef = 272E47801908407200326F06 /* Main.storyboard */; };
		272E47871908407200326F06 /* Images.xcassets in Resources */ = {isa = PBXBuildFile; fileRef = 272E47861908407200326F06 /* Images.xcassets */; };
		272E478E1908407200326F06 /* XCTest.framework in Frameworks */ = {isa = PBXBuildFile; fileRef = 272E478D1908407200326F06 /* XCTest.framework */; };
		272E478F1908407200326F06 /* Foundation.framework in Frameworks */ = {isa = PBXBuildFile; fileRef = 272E476E1908407200326F06 /* Foundation.framework */; };
		272E47901908407200326F06 /* UIKit.framework in Frameworks */ = {isa = PBXBuildFile; fileRef = 272E47721908407200326F06 /* UIKit.framework */; };
		272E47981908407200326F06 /* InfoPlist.strings in Resources */ = {isa = PBXBuildFile; fileRef = 272E47961908407200326F06 /* InfoPlist.strings */; };
		272E479A1908407200326F06 /* UITableViewController_Challenge_WalkthroughTests.m in Sources */ = {isa = PBXBuildFile; fileRef = 272E47991908407200326F06 /* UITableViewController_Challenge_WalkthroughTests.m */; };
		272E47A5190844BE00326F06 /* CCTableViewController.m in Sources */ = {isa = PBXBuildFile; fileRef = 272E47A4190844BE00326F06 /* CCTableViewController.m */; };
/* End PBXBuildFile section */

/* Begin PBXContainerItemProxy section */
		272E47911908407200326F06 /* PBXContainerItemProxy */ = {
			isa = PBXContainerItemProxy;
			containerPortal = 272E47631908407200326F06 /* Project object */;
			proxyType = 1;
			remoteGlobalIDString = 272E476A1908407200326F06;
			remoteInfo = "UITableViewController Challenge Walkthrough";
		};
/* End PBXContainerItemProxy section */

/* Begin PBXFileReference section */
		272E476B1908407200326F06 /* UITableViewController Challenge Walkthrough.app */ = {isa = PBXFileReference; explicitFileType = wrapper.application; includeInIndex = 0; path = "UITableViewController Challenge Walkthrough.app"; sourceTree = BUILT_PRODUCTS_DIR; };
		272E476E1908407200326F06 /* Foundation.framework */ = {isa = PBXFileReference; lastKnownFileType = wrapper.framework; name = Foundation.framework; path = System/Library/Frameworks/Foundation.framework; sourceTree = SDKROOT; };
		272E47701908407200326F06 /* CoreGraphics.framework */ = {isa = PBXFileReference; lastKnownFileType = wrapper.framework; name = CoreGraphics.framework; path = System/Library/Frameworks/CoreGraphics.framework; sourceTree = SDKROOT; };
		272E47721908407200326F06 /* UIKit.framework */ = {isa = PBXFileReference; lastKnownFileType = wrapper.framework; name = UIKit.framework; path = System/Library/Frameworks/UIKit.framework; sourceTree = SDKROOT; };
		272E47761908407200326F06 /* UITableViewController Challenge Walkthrough-Info.plist */ = {isa = PBXFileReference; lastKnownFileType = text.plist.xml; path = "UITableViewController Challenge Walkthrough-Info.plist"; sourceTree = "<group>"; };
		272E47781908407200326F06 /* en */ = {isa = PBXFileReference; lastKnownFileType = text.plist.strings; name = en; path = en.lproj/InfoPlist.strings; sourceTree = "<group>"; };
		272E477A1908407200326F06 /* main.m */ = {isa = PBXFileReference; lastKnownFileType = sourcecode.c.objc; path = main.m; sourceTree = "<group>"; };
		272E477C1908407200326F06 /* UITableViewController Challenge Walkthrough-Prefix.pch */ = {isa = PBXFileReference; lastKnownFileType = sourcecode.c.h; path = "UITableViewController Challenge Walkthrough-Prefix.pch"; sourceTree = "<group>"; };
		272E477D1908407200326F06 /* CCAppDelegate.h */ = {isa = PBXFileReference; lastKnownFileType = sourcecode.c.h; path = CCAppDelegate.h; sourceTree = "<group>"; };
		272E477E1908407200326F06 /* CCAppDelegate.m */ = {isa = PBXFileReference; lastKnownFileType = sourcecode.c.objc; path = CCAppDelegate.m; sourceTree = "<group>"; };
		272E47811908407200326F06 /* Base */ = {isa = PBXFileReference; lastKnownFileType = file.storyboard; name = Base; path = Base.lproj/Main.storyboard; sourceTree = "<group>"; };
		272E47861908407200326F06 /* Images.xcassets */ = {isa = PBXFileReference; lastKnownFileType = folder.assetcatalog; path = Images.xcassets; sourceTree = "<group>"; };
		272E478C1908407200326F06 /* UITableViewController Challenge WalkthroughTests.xctest */ = {isa = PBXFileReference; explicitFileType = wrapper.cfbundle; includeInIndex = 0; path = "UITableViewController Challenge WalkthroughTests.xctest"; sourceTree = BUILT_PRODUCTS_DIR; };
		272E478D1908407200326F06 /* XCTest.framework */ = {isa = PBXFileReference; lastKnownFileType = wrapper.framework; name = XCTest.framework; path = Library/Frameworks/XCTest.framework; sourceTree = DEVELOPER_DIR; };
		272E47951908407200326F06 /* UITableViewController Challenge WalkthroughTests-Info.plist */ = {isa = PBXFileReference; lastKnownFileType = text.plist.xml; path = "UITableViewController Challenge WalkthroughTests-Info.plist"; sourceTree = "<group>"; };
		272E47971908407200326F06 /* en */ = {isa = PBXFileReference; lastKnownFileType = text.plist.strings; name = en; path = en.lproj/InfoPlist.strings; sourceTree = "<group>"; };
		272E47991908407200326F06 /* UITableViewController_Challenge_WalkthroughTests.m */ = {isa = PBXFileReference; lastKnownFileType = sourcecode.c.objc; path = UITableViewController_Challenge_WalkthroughTests.m; sourceTree = "<group>"; };
		272E47A3190844BE00326F06 /* CCTableViewController.h */ = {isa = PBXFileReference; fileEncoding = 4; lastKnownFileType = sourcecode.c.h; path = CCTableViewController.h; sourceTree = "<group>"; };
		272E47A4190844BE00326F06 /* CCTableViewController.m */ = {isa = PBXFileReference; fileEncoding = 4; lastKnownFileType = sourcecode.c.objc; path = CCTableViewController.m; sourceTree = "<group>"; };
/* End PBXFileReference section */

/* Begin PBXFrameworksBuildPhase section */
		272E47681908407200326F06 /* Frameworks */ = {
			isa = PBXFrameworksBuildPhase;
			buildActionMask = 2147483647;
			files = (
				272E47711908407200326F06 /* CoreGraphics.framework in Frameworks */,
				272E47731908407200326F06 /* UIKit.framework in Frameworks */,
				272E476F1908407200326F06 /* Foundation.framework in Frameworks */,
			);
			runOnlyForDeploymentPostprocessing = 0;
		};
		272E47891908407200326F06 /* Frameworks */ = {
			isa = PBXFrameworksBuildPhase;
			buildActionMask = 2147483647;
			files = (
				272E478E1908407200326F06 /* XCTest.framework in Frameworks */,
				272E47901908407200326F06 /* UIKit.framework in Frameworks */,
				272E478F1908407200326F06 /* Foundation.framework in Frameworks */,
			);
			runOnlyForDeploymentPostprocessing = 0;
		};
/* End PBXFrameworksBuildPhase section */

/* Begin PBXGroup section */
		272E47621908407200326F06 = {
			isa = PBXGroup;
			children = (
				272E47741908407200326F06 /* UITableViewController Challenge Walkthrough */,
				272E47931908407200326F06 /* UITableViewController Challenge WalkthroughTests */,
				272E476D1908407200326F06 /* Frameworks */,
				272E476C1908407200326F06 /* Products */,
			);
			sourceTree = "<group>";
		};
		272E476C1908407200326F06 /* Products */ = {
			isa = PBXGroup;
			children = (
				272E476B1908407200326F06 /* UITableViewController Challenge Walkthrough.app */,
				272E478C1908407200326F06 /* UITableViewController Challenge WalkthroughTests.xctest */,
			);
			name = Products;
			sourceTree = "<group>";
		};
		272E476D1908407200326F06 /* Frameworks */ = {
			isa = PBXGroup;
			children = (
				272E476E1908407200326F06 /* Foundation.framework */,
				272E47701908407200326F06 /* CoreGraphics.framework */,
				272E47721908407200326F06 /* UIKit.framework */,
				272E478D1908407200326F06 /* XCTest.framework */,
			);
			name = Frameworks;
			sourceTree = "<group>";
		};
		272E47741908407200326F06 /* UITableViewController Challenge Walkthrough */ = {
			isa = PBXGroup;
			children = (
				272E477D1908407200326F06 /* CCAppDelegate.h */,
				272E477E1908407200326F06 /* CCAppDelegate.m */,
				272E47801908407200326F06 /* Main.storyboard */,
				272E47A3190844BE00326F06 /* CCTableViewController.h */,
				272E47A4190844BE00326F06 /* CCTableViewController.m */,
				272E47861908407200326F06 /* Images.xcassets */,
				272E47751908407200326F06 /* Supporting Files */,
			);
			path = "UITableViewController Challenge Walkthrough";
			sourceTree = "<group>";
		};
		272E47751908407200326F06 /* Supporting Files */ = {
			isa = PBXGroup;
			children = (
				272E47761908407200326F06 /* UITableViewController Challenge Walkthrough-Info.plist */,
				272E47771908407200326F06 /* InfoPlist.strings */,
				272E477A1908407200326F06 /* main.m */,
				272E477C1908407200326F06 /* UITableViewController Challenge Walkthrough-Prefix.pch */,
			);
			name = "Supporting Files";
			sourceTree = "<group>";
		};
		272E47931908407200326F06 /* UITableViewController Challenge WalkthroughTests */ = {
			isa = PBXGroup;
			children = (
				272E47991908407200326F06 /* UITableViewController_Challenge_WalkthroughTests.m */,
				272E47941908407200326F06 /* Supporting Files */,
			);
			path = "UITableViewController Challenge WalkthroughTests";
			sourceTree = "<group>";
		};
		272E47941908407200326F06 /* Supporting Files */ = {
			isa = PBXGroup;
			children = (
				272E47951908407200326F06 /* UITableViewController Challenge WalkthroughTests-Info.plist */,
				272E47961908407200326F06 /* InfoPlist.strings */,
			);
			name = "Supporting Files";
			sourceTree = "<group>";
		};
/* End PBXGroup section */

/* Begin PBXNativeTarget section */
		272E476A1908407200326F06 /* UITableViewController Challenge Walkthrough */ = {
			isa = PBXNativeTarget;
			buildConfigurationList = 272E479D1908407200326F06 /* Build configuration list for PBXNativeTarget "UITableViewController Challenge Walkthrough" */;
			buildPhases = (
				272E47671908407200326F06 /* Sources */,
				272E47681908407200326F06 /* Frameworks */,
				272E47691908407200326F06 /* Resources */,
			);
			buildRules = (
			);
			dependencies = (
			);
			name = "UITableViewController Challenge Walkthrough";
			productName = "UITableViewController Challenge Walkthrough";
			productReference = 272E476B1908407200326F06 /* UITableViewController Challenge Walkthrough.app */;
			productType = "com.apple.product-type.application";
		};
		272E478B1908407200326F06 /* UITableViewController Challenge WalkthroughTests */ = {
			isa = PBXNativeTarget;
			buildConfigurationList = 272E47A01908407200326F06 /* Build configuration list for PBXNativeTarget "UITableViewController Challenge WalkthroughTests" */;
			buildPhases = (
				272E47881908407200326F06 /* Sources */,
				272E47891908407200326F06 /* Frameworks */,
				272E478A1908407200326F06 /* Resources */,
			);
			buildRules = (
			);
			dependencies = (
				272E47921908407200326F06 /* PBXTargetDependency */,
			);
			name = "UITableViewController Challenge WalkthroughTests";
			productName = "UITableViewController Challenge WalkthroughTests";
			productReference = 272E478C1908407200326F06 /* UITableViewController Challenge WalkthroughTests.xctest */;
			productType = "com.apple.product-type.bundle.unit-test";
		};
/* End PBXNativeTarget section */

/* Begin PBXProject section */
		272E47631908407200326F06 /* Project object */ = {
			isa = PBXProject;
			attributes = {
				CLASSPREFIX = CC;
				LastUpgradeCheck = 0510;
				ORGANIZATIONNAME = Michael;
				TargetAttributes = {
					272E478B1908407200326F06 = {
						TestTargetID = 272E476A1908407200326F06;
					};
				};
			};
			buildConfigurationList = 272E47661908407200326F06 /* Build configuration list for PBXProject "UITableViewController Challenge Walkthrough" */;
			compatibilityVersion = "Xcode 3.2";
			developmentRegion = English;
			hasScannedForEncodings = 0;
			knownRegions = (
				en,
				Base,
			);
			mainGroup = 272E47621908407200326F06;
			productRefGroup = 272E476C1908407200326F06 /* Products */;
			projectDirPath = "";
			projectRoot = "";
			targets = (
				272E476A1908407200326F06 /* UITableViewController Challenge Walkthrough */,
				272E478B1908407200326F06 /* UITableViewController Challenge WalkthroughTests */,
			);
		};
/* End PBXProject section */

/* Begin PBXResourcesBuildPhase section */
		272E47691908407200326F06 /* Resources */ = {
			isa = PBXResourcesBuildPhase;
			buildActionMask = 2147483647;
			files = (
				272E47871908407200326F06 /* Images.xcassets in Resources */,
				272E47791908407200326F06 /* InfoPlist.strings in Resources */,
				272E47821908407200326F06 /* Main.storyboard in Resources */,
			);
			runOnlyForDeploymentPostprocessing = 0;
		};
		272E478A1908407200326F06 /* Resources */ = {
			isa = PBXResourcesBuildPhase;
			buildActionMask = 2147483647;
			files = (
				272E47981908407200326F06 /* InfoPlist.strings in Resources */,
			);
			runOnlyForDeploymentPostprocessing = 0;
		};
/* End PBXResourcesBuildPhase section */

/* Begin PBXSourcesBuildPhase section */
		272E47671908407200326F06 /* Sources */ = {
			isa = PBXSourcesBuildPhase;
			buildActionMask = 2147483647;
			files = (
				272E477F1908407200326F06 /* CCAppDelegate.m in Sources */,
				272E477B1908407200326F06 /* main.m in Sources */,
				272E47A5190844BE00326F06 /* CCTableViewController.m in Sources */,
			);
			runOnlyForDeploymentPostprocessing = 0;
		};
		272E47881908407200326F06 /* Sources */ = {
			isa = PBXSourcesBuildPhase;
			buildActionMask = 2147483647;
			files = (
				272E479A1908407200326F06 /* UITableViewController_Challenge_WalkthroughTests.m in Sources */,
			);
			runOnlyForDeploymentPostprocessing = 0;
		};
/* End PBXSourcesBuildPhase section */

/* Begin PBXTargetDependency section */
		272E47921908407200326F06 /* PBXTargetDependency */ = {
			isa = PBXTargetDependency;
			target = 272E476A1908407200326F06 /* UITableViewController Challenge Walkthrough */;
			targetProxy = 272E47911908407200326F06 /* PBXContainerItemProxy */;
		};
/* End PBXTargetDependency section */

/* Begin PBXVariantGroup section */
		272E47771908407200326F06 /* InfoPlist.strings */ = {
			isa = PBXVariantGroup;
			children = (
				272E47781908407200326F06 /* en */,
			);
			name = InfoPlist.strings;
			sourceTree = "<group>";
		};
		272E47801908407200326F06 /* Main.storyboard */ = {
			isa = PBXVariantGroup;
			children = (
				272E47811908407200326F06 /* Base */,
			);
			name = Main.storyboard;
			sourceTree = "<group>";
		};
		272E47961908407200326F06 /* InfoPlist.strings */ = {
			isa = PBXVariantGroup;
			children = (
				272E47971908407200326F06 /* en */,
			);
			name = InfoPlist.strings;
			sourceTree = "<group>";
		};
/* End PBXVariantGroup section */

/* Begin XCBuildConfiguration section */
		272E479B1908407200326F06 /* Debug */ = {
			isa = XCBuildConfiguration;
			buildSettings = {
				ALWAYS_SEARCH_USER_PATHS = NO;
				CLANG_CXX_LANGUAGE_STANDARD = "gnu++0x";
				CLANG_CXX_LIBRARY = "libc++";
				CLANG_ENABLE_MODULES = YES;
				CLANG_ENABLE_OBJC_ARC = YES;
				CLANG_WARN_BOOL_CONVERSION = YES;
				CLANG_WARN_CONSTANT_CONVERSION = YES;
				CLANG_WARN_DIRECT_OBJC_ISA_USAGE = YES_ERROR;
				CLANG_WARN_EMPTY_BODY = YES;
				CLANG_WARN_ENUM_CONVERSION = YES;
				CLANG_WARN_INT_CONVERSION = YES;
				CLANG_WARN_OBJC_ROOT_CLASS = YES_ERROR;
				CLANG_WARN__DUPLICATE_METHOD_MATCH = YES;
				"CODE_SIGN_IDENTITY[sdk=iphoneos*]" = "iPhone Developer";
				COPY_PHASE_STRIP = NO;
				GCC_C_LANGUAGE_STANDARD = gnu99;
				GCC_DYNAMIC_NO_PIC = NO;
				GCC_OPTIMIZATION_LEVEL = 0;
				GCC_PREPROCESSOR_DEFINITIONS = (
					"DEBUG=1",
					"$(inherited)",
				);
				GCC_SYMBOLS_PRIVATE_EXTERN = NO;
				GCC_WARN_64_TO_32_BIT_CONVERSION = YES;
				GCC_WARN_ABOUT_RETURN_TYPE = YES_ERROR;
				GCC_WARN_UNDECLARED_SELECTOR = YES;
				GCC_WARN_UNINITIALIZED_AUTOS = YES_AGGRESSIVE;
				GCC_WARN_UNUSED_FUNCTION = YES;
				GCC_WARN_UNUSED_VARIABLE = YES;
				IPHONEOS_DEPLOYMENT_TARGET = 7.1;
				ONLY_ACTIVE_ARCH = YES;
				SDKROOT = iphoneos;
			};
			name = Debug;
		};
		272E479C1908407200326F06 /* Release */ = {
			isa = XCBuildConfiguration;
			buildSettings = {
				ALWAYS_SEARCH_USER_PATHS = NO;
				CLANG_CXX_LANGUAGE_STANDARD = "gnu++0x";
				CLANG_CXX_LIBRARY = "libc++";
				CLANG_ENABLE_MODULES = YES;
				CLANG_ENABLE_OBJC_ARC = YES;
				CLANG_WARN_BOOL_CONVERSION = YES;
				CLANG_WARN_CONSTANT_CONVERSION = YES;
				CLANG_WARN_DIRECT_OBJC_ISA_USAGE = YES_ERROR;
				CLANG_WARN_EMPTY_BODY = YES;
				CLANG_WARN_ENUM_CONVERSION = YES;
				CLANG_WARN_INT_CONVERSION = YES;
				CLANG_WARN_OBJC_ROOT_CLASS = YES_ERROR;
				CLANG_WARN__DUPLICATE_METHOD_MATCH = YES;
				"CODE_SIGN_IDENTITY[sdk=iphoneos*]" = "iPhone Developer";
				COPY_PHASE_STRIP = YES;
				ENABLE_NS_ASSERTIONS = NO;
				GCC_C_LANGUAGE_STANDARD = gnu99;
				GCC_WARN_64_TO_32_BIT_CONVERSION = YES;
				GCC_WARN_ABOUT_RETURN_TYPE = YES_ERROR;
				GCC_WARN_UNDECLARED_SELECTOR = YES;
				GCC_WARN_UNINITIALIZED_AUTOS = YES_AGGRESSIVE;
				GCC_WARN_UNUSED_FUNCTION = YES;
				GCC_WARN_UNUSED_VARIABLE = YES;
				IPHONEOS_DEPLOYMENT_TARGET = 7.1;
				SDKROOT = iphoneos;
				VALIDATE_PRODUCT = YES;
			};
			name = Release;
		};
		272E479E1908407200326F06 /* Debug */ = {
			isa = XCBuildConfiguration;
			buildSettings = {
				ASSETCATALOG_COMPILER_APPICON_NAME = AppIcon;
				ASSETCATALOG_COMPILER_LAUNCHIMAGE_NAME = LaunchImage;
				GCC_PRECOMPILE_PREFIX_HEADER = YES;
				GCC_PREFIX_HEADER = "UITableViewController Challenge Walkthrough/UITableViewController Challenge Walkthrough-Prefix.pch";
				INFOPLIST_FILE = "UITableViewController Challenge Walkthrough/UITableViewController Challenge Walkthrough-Info.plist";
				PRODUCT_NAME = "$(TARGET_NAME)";
				WRAPPER_EXTENSION = app;
			};
			name = Debug;
		};
		272E479F1908407200326F06 /* Release */ = {
			isa = XCBuildConfiguration;
			buildSettings = {
				ASSETCATALOG_COMPILER_APPICON_NAME = AppIcon;
				ASSETCATALOG_COMPILER_LAUNCHIMAGE_NAME = LaunchImage;
				GCC_PRECOMPILE_PREFIX_HEADER = YES;
				GCC_PREFIX_HEADER = "UITableViewController Challenge Walkthrough/UITableViewController Challenge Walkthrough-Prefix.pch";
				INFOPLIST_FILE = "UITableViewController Challenge Walkthrough/UITableViewController Challenge Walkthrough-Info.plist";
				PRODUCT_NAME = "$(TARGET_NAME)";
				WRAPPER_EXTENSION = app;
			};
			name = Release;
		};
		272E47A11908407200326F06 /* Debug */ = {
			isa = XCBuildConfiguration;
			buildSettings = {
				BUNDLE_LOADER = "$(BUILT_PRODUCTS_DIR)/UITableViewController Challenge Walkthrough.app/UITableViewController Challenge Walkthrough";
				FRAMEWORK_SEARCH_PATHS = (
					"$(SDKROOT)/Developer/Library/Frameworks",
					"$(inherited)",
					"$(DEVELOPER_FRAMEWORKS_DIR)",
				);
				GCC_PRECOMPILE_PREFIX_HEADER = YES;
				GCC_PREFIX_HEADER = "UITableViewController Challenge Walkthrough/UITableViewController Challenge Walkthrough-Prefix.pch";
				GCC_PREPROCESSOR_DEFINITIONS = (
					"DEBUG=1",
					"$(inherited)",
				);
				INFOPLIST_FILE = "UITableViewController Challenge WalkthroughTests/UITableViewController Challenge WalkthroughTests-Info.plist";
				PRODUCT_NAME = "$(TARGET_NAME)";
				TEST_HOST = "$(BUNDLE_LOADER)";
				WRAPPER_EXTENSION = xctest;
			};
			name = Debug;
		};
		272E47A21908407200326F06 /* Release */ = {
			isa = XCBuildConfiguration;
			buildSettings = {
				BUNDLE_LOADER = "$(BUILT_PRODUCTS_DIR)/UITableViewController Challenge Walkthrough.app/UITableViewController Challenge Walkthrough";
				FRAMEWORK_SEARCH_PATHS = (
					"$(SDKROOT)/Developer/Library/Frameworks",
					"$(inherited)",
					"$(DEVELOPER_FRAMEWORKS_DIR)",
				);
				GCC_PRECOMPILE_PREFIX_HEADER = YES;
				GCC_PREFIX_HEADER = "UITableViewController Challenge Walkthrough/UITableViewController Challenge Walkthrough-Prefix.pch";
				INFOPLIST_FILE = "UITableViewController Challenge WalkthroughTests/UITableViewController Challenge WalkthroughTests-Info.plist";
				PRODUCT_NAME = "$(TARGET_NAME)";
				TEST_HOST = "$(BUNDLE_LOADER)";
				WRAPPER_EXTENSION = xctest;
			};
			name = Release;
		};
/* End XCBuildConfiguration section */

/* Begin XCConfigurationList section */
		272E47661908407200326F06 /* Build configuration list for PBXProject "UITableViewController Challenge Walkthrough" */ = {
			isa = XCConfigurationList;
			buildConfigurations = (
				272E479B1908407200326F06 /* Debug */,
				272E479C1908407200326F06 /* Release */,
			);
			defaultConfigurationIsVisible = 0;
			defaultConfigurationName = Release;
		};
		272E479D1908407200326F06 /* Build configuration list for PBXNativeTarget "UITableViewController Challenge Walkthrough" */ = {
			isa = XCConfigurationList;
			buildConfigurations = (
				272E479E1908407200326F06 /* Debug */,
				272E479F1908407200326F06 /* Release */,
			);
			defaultConfigurationIsVisible = 0;
		};
		272E47A01908407200326F06 /* Build configuration list for PBXNativeTarget "UITableViewController Challenge WalkthroughTests" */ = {
			isa = XCConfigurationList;
			buildConfigurations = (
				272E47A11908407200326F06 /* Debug */,
				272E47A21908407200326F06 /* Release */,
			);
			defaultConfigurationIsVisible = 0;
		};
/* End XCConfigurationList section */
	};
	rootObject = 272E47631908407200326F06 /* Project object */;
}
